
Microsoft Visual Studio Solution File, Format Version 12.00
# Visual Studio 2012
Project("{FAE04EC0-301F-11D3-BF4B-00C04F79EFBC}") = "TagDataTranslationDemo", "TagDataTranslationDemo\TagDataTranslationDemo.csproj", "{17E78157-BF9A-44FF-A05A-952EBA3BABD1}"
EndProject
Project("{FAE04EC0-301F-11D3-BF4B-00C04F79EFBC}") = "TagDataTranslationUnitTest", "TagDataTranslationUnitTest\TagDataTranslationUnitTest.csproj", "{2AFD5C6B-A2AB-4FF6-AA44-C51BBD0E3277}"
EndProject
Project("{2150E333-8FDC-42A3-9474-1A3956D46DE8}") = "Solution Items", "Solution Items", "{B5AB0FA3-8AC7-49AD-A97B-8E09C56CFA52}"
	ProjectSection(SolutionItems) = preProject
		TagDataTranslation.sln = TagDataTranslation.sln
		TagDataTranslation.nuspec = TagDataTranslation.nuspec
		PACKAGING = PACKAGING
		..\LICENSE = ..\LICENSE
		..\README.md = ..\README.md
		..\agpl-3.0.txt = ..\agpl-3.0.txt
	EndProjectSection
EndProject
Project("{FAE04EC0-301F-11D3-BF4B-00C04F79EFBC}") = "TagDataTranslation-netstandard", "TagDataTranslation-netstandard\TagDataTranslation-netstandard.csproj", "{C6BE1460-6A71-4C3A-AD7F-4496F3353EB0}"
EndProject
Project("{FAE04EC0-301F-11D3-BF4B-00C04F79EFBC}") = "TagDataTranslation-net", "TagDataTranslation-net\TagDataTranslation-net.csproj", "{7CE786E6-3FB9-445E-8EB7-0100886270C1}"
EndProject
Global
	GlobalSection(SolutionConfigurationPlatforms) = preSolution
		Debug|Any CPU = Debug|Any CPU
		Release|Any CPU = Release|Any CPU
	EndGlobalSection
	GlobalSection(ProjectConfigurationPlatforms) = postSolution
		{17E78157-BF9A-44FF-A05A-952EBA3BABD1}.Debug|Any CPU.ActiveCfg = Debug|Any CPU
		{17E78157-BF9A-44FF-A05A-952EBA3BABD1}.Debug|Any CPU.Build.0 = Debug|Any CPU
		{17E78157-BF9A-44FF-A05A-952EBA3BABD1}.Release|Any CPU.ActiveCfg = Release|Any CPU
		{17E78157-BF9A-44FF-A05A-952EBA3BABD1}.Release|Any CPU.Build.0 = Release|Any CPU
		{2AFD5C6B-A2AB-4FF6-AA44-C51BBD0E3277}.Debug|Any CPU.ActiveCfg = Debug|Any CPU
		{2AFD5C6B-A2AB-4FF6-AA44-C51BBD0E3277}.Debug|Any CPU.Build.0 = Debug|Any CPU
		{2AFD5C6B-A2AB-4FF6-AA44-C51BBD0E3277}.Release|Any CPU.ActiveCfg = Release|Any CPU
		{2AFD5C6B-A2AB-4FF6-AA44-C51BBD0E3277}.Release|Any CPU.Build.0 = Release|Any CPU
		{C6BE1460-6A71-4C3A-AD7F-4496F3353EB0}.Debug|Any CPU.ActiveCfg = Debug|Any CPU
		{C6BE1460-6A71-4C3A-AD7F-4496F3353EB0}.Debug|Any CPU.Build.0 = Debug|Any CPU
		{C6BE1460-6A71-4C3A-AD7F-4496F3353EB0}.Release|Any CPU.ActiveCfg = Release|Any CPU
		{C6BE1460-6A71-4C3A-AD7F-4496F3353EB0}.Release|Any CPU.Build.0 = Release|Any CPU
		{7CE786E6-3FB9-445E-8EB7-0100886270C1}.Debug|Any CPU.ActiveCfg = Debug|Any CPU
		{7CE786E6-3FB9-445E-8EB7-0100886270C1}.Debug|Any CPU.Build.0 = Debug|Any CPU
		{7CE786E6-3FB9-445E-8EB7-0100886270C1}.Release|Any CPU.ActiveCfg = Release|Any CPU
		{7CE786E6-3FB9-445E-8EB7-0100886270C1}.Release|Any CPU.Build.0 = Release|Any CPU
	EndGlobalSection
	GlobalSection(MonoDevelopProperties) = preSolution
		Policies = $0
		$0.DotNetNamingPolicy = $1
		$0.VersionControlPolicy = $2
		version = 1.0.0
	EndGlobalSection
	GlobalSection(NestedProjects) = preSolution
	EndGlobalSection
EndGlobal
